
Microsoft Visual Studio Solution File, Format Version 12.00
# Visual Studio Version 17
VisualStudioVersion = 17.0.31903.59
MinimumVisualStudioVersion = 10.0.40219.1
Project("{FAE04EC0-301F-11D3-BF4B-00C04F79EFBC}") = "FitTracker.Api", "FitTracker.Api\FitTracker.Api.csproj", "{E3BBF01E-51E0-4148-A3AE-D616313F939E}"
EndProject
Project("{FAE04EC0-301F-11D3-BF4B-00C04F79EFBC}") = "FitTracker.Domain", "FitTracker.Domain\FitTracker.Domain.csproj", "{6D48CB94-7B7A-4D3A-819C-50B075B6A6DD}"
EndProject
Project("{FAE04EC0-301F-11D3-BF4B-00C04F79EFBC}") = "FitTracker.Infrastructure", "FitTracker.Infrastructure\FitTracker.Infrastructure.csproj", "{22663ACC-9DD3-4132-B76E-166A3F5C7459}"
EndProject
Project("{FAE04EC0-301F-11D3-BF4B-00C04F79EFBC}") = "FitTracker.Application", "FitTracker.Application\FitTracker.Application.csproj", "{3A0E4A8C-F0D1-4745-AAE6-1D32BB1FABC1}"
EndProject
Project("{FAE04EC0-301F-11D3-BF4B-00C04F79EFBC}") = "FitTrackerDomain.Tests", "Tests\FitTrackerDomain.Tests\FitTrackerDomain.Tests.csproj", "{E902D2D6-E739-424E-B1D7-E6318CBA6133}"
EndProject
Project("{FAE04EC0-301F-11D3-BF4B-00C04F79EFBC}") = "FitTrackerInfrastructure.Tests", "Tests\FitTrackerInfrastructure.Tests\FitTrackerInfrastructure.Tests.csproj", "{6846A56C-E70B-4885-8390-C29F70F63852}"
EndProject
Project("{2150E333-8FDC-42A3-9474-1A3956D46DE8}") = "FitTracker.Tests", "FitTracker.Tests", "{7FB9AB62-4035-47B7-94D6-DB281FA4B179}"
EndProject
Global
	GlobalSection(SolutionConfigurationPlatforms) = preSolution
		Debug|Any CPU = Debug|Any CPU
		Debug|x64 = Debug|x64
		Debug|x86 = Debug|x86
		Release|Any CPU = Release|Any CPU
		Release|x64 = Release|x64
		Release|x86 = Release|x86
	EndGlobalSection
	GlobalSection(ProjectConfigurationPlatforms) = postSolution
		{E3BBF01E-51E0-4148-A3AE-D616313F939E}.Debug|Any CPU.ActiveCfg = Debug|Any CPU
		{E3BBF01E-51E0-4148-A3AE-D616313F939E}.Debug|Any CPU.Build.0 = Debug|Any CPU
		{E3BBF01E-51E0-4148-A3AE-D616313F939E}.Debug|x64.ActiveCfg = Debug|Any CPU
		{E3BBF01E-51E0-4148-A3AE-D616313F939E}.Debug|x64.Build.0 = Debug|Any CPU
		{E3BBF01E-51E0-4148-A3AE-D616313F939E}.Debug|x86.ActiveCfg = Debug|Any CPU
		{E3BBF01E-51E0-4148-A3AE-D616313F939E}.Debug|x86.Build.0 = Debug|Any CPU
		{E3BBF01E-51E0-4148-A3AE-D616313F939E}.Release|Any CPU.ActiveCfg = Release|Any CPU
		{E3BBF01E-51E0-4148-A3AE-D616313F939E}.Release|Any CPU.Build.0 = Release|Any CPU
		{E3BBF01E-51E0-4148-A3AE-D616313F939E}.Release|x64.ActiveCfg = Release|Any CPU
		{E3BBF01E-51E0-4148-A3AE-D616313F939E}.Release|x64.Build.0 = Release|Any CPU
		{E3BBF01E-51E0-4148-A3AE-D616313F939E}.Release|x86.ActiveCfg = Release|Any CPU
		{E3BBF01E-51E0-4148-A3AE-D616313F939E}.Release|x86.Build.0 = Release|Any CPU
		{6D48CB94-7B7A-4D3A-819C-50B075B6A6DD}.Debug|Any CPU.ActiveCfg = Debug|Any CPU
		{6D48CB94-7B7A-4D3A-819C-50B075B6A6DD}.Debug|Any CPU.Build.0 = Debug|Any CPU
		{6D48CB94-7B7A-4D3A-819C-50B075B6A6DD}.Debug|x64.ActiveCfg = Debug|Any CPU
		{6D48CB94-7B7A-4D3A-819C-50B075B6A6DD}.Debug|x64.Build.0 = Debug|Any CPU
		{6D48CB94-7B7A-4D3A-819C-50B075B6A6DD}.Debug|x86.ActiveCfg = Debug|Any CPU
		{6D48CB94-7B7A-4D3A-819C-50B075B6A6DD}.Debug|x86.Build.0 = Debug|Any CPU
		{6D48CB94-7B7A-4D3A-819C-50B075B6A6DD}.Release|Any CPU.ActiveCfg = Release|Any CPU
		{6D48CB94-7B7A-4D3A-819C-50B075B6A6DD}.Release|Any CPU.Build.0 = Release|Any CPU
		{6D48CB94-7B7A-4D3A-819C-50B075B6A6DD}.Release|x64.ActiveCfg = Release|Any CPU
		{6D48CB94-7B7A-4D3A-819C-50B075B6A6DD}.Release|x64.Build.0 = Release|Any CPU
		{6D48CB94-7B7A-4D3A-819C-50B075B6A6DD}.Release|x86.ActiveCfg = Release|Any CPU
		{6D48CB94-7B7A-4D3A-819C-50B075B6A6DD}.Release|x86.Build.0 = Release|Any CPU
		{22663ACC-9DD3-4132-B76E-166A3F5C7459}.Debug|Any CPU.ActiveCfg = Debug|Any CPU
		{22663ACC-9DD3-4132-B76E-166A3F5C7459}.Debug|Any CPU.Build.0 = Debug|Any CPU
		{22663ACC-9DD3-4132-B76E-166A3F5C7459}.Debug|x64.ActiveCfg = Debug|Any CPU
		{22663ACC-9DD3-4132-B76E-166A3F5C7459}.Debug|x64.Build.0 = Debug|Any CPU
		{22663ACC-9DD3-4132-B76E-166A3F5C7459}.Debug|x86.ActiveCfg = Debug|Any CPU
		{22663ACC-9DD3-4132-B76E-166A3F5C7459}.Debug|x86.Build.0 = Debug|Any CPU
		{22663ACC-9DD3-4132-B76E-166A3F5C7459}.Release|Any CPU.ActiveCfg = Release|Any CPU
		{22663ACC-9DD3-4132-B76E-166A3F5C7459}.Release|Any CPU.Build.0 = Release|Any CPU
		{22663ACC-9DD3-4132-B76E-166A3F5C7459}.Release|x64.ActiveCfg = Release|Any CPU
		{22663ACC-9DD3-4132-B76E-166A3F5C7459}.Release|x64.Build.0 = Release|Any CPU
		{22663ACC-9DD3-4132-B76E-166A3F5C7459}.Release|x86.ActiveCfg = Release|Any CPU
		{22663ACC-9DD3-4132-B76E-166A3F5C7459}.Release|x86.Build.0 = Release|Any CPU
		{3A0E4A8C-F0D1-4745-AAE6-1D32BB1FABC1}.Debug|Any CPU.ActiveCfg = Debug|Any CPU
		{3A0E4A8C-F0D1-4745-AAE6-1D32BB1FABC1}.Debug|Any CPU.Build.0 = Debug|Any CPU
		{3A0E4A8C-F0D1-4745-AAE6-1D32BB1FABC1}.Debug|x64.ActiveCfg = Debug|Any CPU
		{3A0E4A8C-F0D1-4745-AAE6-1D32BB1FABC1}.Debug|x64.Build.0 = Debug|Any CPU
		{3A0E4A8C-F0D1-4745-AAE6-1D32BB1FABC1}.Debug|x86.ActiveCfg = Debug|Any CPU
		{3A0E4A8C-F0D1-4745-AAE6-1D32BB1FABC1}.Debug|x86.Build.0 = Debug|Any CPU
		{3A0E4A8C-F0D1-4745-AAE6-1D32BB1FABC1}.Release|Any CPU.ActiveCfg = Release|Any CPU
		{3A0E4A8C-F0D1-4745-AAE6-1D32BB1FABC1}.Release|Any CPU.Build.0 = Release|Any CPU
		{3A0E4A8C-F0D1-4745-AAE6-1D32BB1FABC1}.Release|x64.ActiveCfg = Release|Any CPU
		{3A0E4A8C-F0D1-4745-AAE6-1D32BB1FABC1}.Release|x64.Build.0 = Release|Any CPU
		{3A0E4A8C-F0D1-4745-AAE6-1D32BB1FABC1}.Release|x86.ActiveCfg = Release|Any CPU
		{3A0E4A8C-F0D1-4745-AAE6-1D32BB1FABC1}.Release|x86.Build.0 = Release|Any CPU
		{E902D2D6-E739-424E-B1D7-E6318CBA6133}.Debug|Any CPU.ActiveCfg = Debug|Any CPU
		{E902D2D6-E739-424E-B1D7-E6318CBA6133}.Debug|Any CPU.Build.0 = Debug|Any CPU
		{E902D2D6-E739-424E-B1D7-E6318CBA6133}.Debug|x64.ActiveCfg = Debug|Any CPU
		{E902D2D6-E739-424E-B1D7-E6318CBA6133}.Debug|x64.Build.0 = Debug|Any CPU
		{E902D2D6-E739-424E-B1D7-E6318CBA6133}.Debug|x86.ActiveCfg = Debug|Any CPU
		{E902D2D6-E739-424E-B1D7-E6318CBA6133}.Debug|x86.Build.0 = Debug|Any CPU
		{E902D2D6-E739-424E-B1D7-E6318CBA6133}.Release|Any CPU.ActiveCfg = Release|Any CPU
		{E902D2D6-E739-424E-B1D7-E6318CBA6133}.Release|Any CPU.Build.0 = Release|Any CPU
		{E902D2D6-E739-424E-B1D7-E6318CBA6133}.Release|x64.ActiveCfg = Release|Any CPU
		{E902D2D6-E739-424E-B1D7-E6318CBA6133}.Release|x64.Build.0 = Release|Any CPU
		{E902D2D6-E739-424E-B1D7-E6318CBA6133}.Release|x86.ActiveCfg = Release|Any CPU
		{E902D2D6-E739-424E-B1D7-E6318CBA6133}.Release|x86.Build.0 = Release|Any CPU
		{6846A56C-E70B-4885-8390-C29F70F63852}.Debug|Any CPU.ActiveCfg = Debug|Any CPU
		{6846A56C-E70B-4885-8390-C29F70F63852}.Debug|Any CPU.Build.0 = Debug|Any CPU
		{6846A56C-E70B-4885-8390-C29F70F63852}.Debug|x64.ActiveCfg = Debug|Any CPU
		{6846A56C-E70B-4885-8390-C29F70F63852}.Debug|x64.Build.0 = Debug|Any CPU
		{6846A56C-E70B-4885-8390-C29F70F63852}.Debug|x86.ActiveCfg = Debug|Any CPU
		{6846A56C-E70B-4885-8390-C29F70F63852}.Debug|x86.Build.0 = Debug|Any CPU
		{6846A56C-E70B-4885-8390-C29F70F63852}.Release|Any CPU.ActiveCfg = Release|Any CPU
		{6846A56C-E70B-4885-8390-C29F70F63852}.Release|Any CPU.Build.0 = Release|Any CPU
		{6846A56C-E70B-4885-8390-C29F70F63852}.Release|x64.ActiveCfg = Release|Any CPU
		{6846A56C-E70B-4885-8390-C29F70F63852}.Release|x64.Build.0 = Release|Any CPU
		{6846A56C-E70B-4885-8390-C29F70F63852}.Release|x86.ActiveCfg = Release|Any CPU
		{6846A56C-E70B-4885-8390-C29F70F63852}.Release|x86.Build.0 = Release|Any CPU
	EndGlobalSection
	GlobalSection(SolutionProperties) = preSolution
		HideSolutionNode = FALSE
	EndGlobalSection
	GlobalSection(NestedProjects) = preSolution
		{E902D2D6-E739-424E-B1D7-E6318CBA6133} = {7FB9AB62-4035-47B7-94D6-DB281FA4B179}
		{6846A56C-E70B-4885-8390-C29F70F63852} = {7FB9AB62-4035-47B7-94D6-DB281FA4B179}
	EndGlobalSection
	GlobalSection(ExtensibilityGlobals) = postSolution
		SolutionGuid = {1FC66A9E-9448-4D76-8B2D-7705E2284B74}
	EndGlobalSection
EndGlobal
